# This file is autogenerated, do not edit; changes may be undone by the next 'dep ensure'.


[[projects]]
  name = "github.com/SpringDRen/easylog"
  packages = ["."]
  revision = "0e0e7e54ad612894d27c6ebfc8db9288829d5fd2"
  version = "1.0.2"

[[projects]]
  name = "gopkg.in/ini.v1"
  packages = ["."]
  revision = "20b96f641a5ea98f2f8619ff4f3e061cff4833bd"
  version = "v1.28.2"

[solve-meta]
  analyzer-name = "dep"
  analyzer-version = 1
  inputs-digest = "c536b01eba2ece9f76e92393b5c255370b7c2da8d7141fe6490e72f456a03bf6"
  solver-name = "gps-cdcl"
  solver-version = 1
