# This file is autogenerated, do not edit; changes may be undone by the next 'dep ensure'.


[[projects]]
  name = "github.com/SpringDRen/easylog"
  packages = ["."]
  revision = "3c74a39e536023d34f1841d7c90f8bca4419c6e0"
  version = "1.0.0"

[[projects]]
  name = "gopkg.in/ini.v1"
  packages = ["."]
  revision = "20b96f641a5ea98f2f8619ff4f3e061cff4833bd"
  version = "v1.28.2"

[solve-meta]
  analyzer-name = "dep"
  analyzer-version = 1
  inputs-digest = "b28225e8a4e04e2569ac2456c65a46d804773b93dce8a3e6ac850a92b5ecc58c"
  solver-name = "gps-cdcl"
  solver-version = 1
